
Microsoft Visual Studio Solution File, Format Version 12.00
# Visual Studio Version 16
VisualStudioVersion = 16.0.30320.27
MinimumVisualStudioVersion = 10.0.40219.1
Project("{2150E333-8FDC-42A3-9474-1A3956D46DE8}") = "src", "src", "{89C6DD32-6A42-4DAE-91E5-45F978208987}"
EndProject
Project("{2150E333-8FDC-42A3-9474-1A3956D46DE8}") = "Tests", "Tests", "{27421743-A22B-4716-BC85-4824A5F9FD70}"
EndProject
Project("{2150E333-8FDC-42A3-9474-1A3956D46DE8}") = "Domain", "Domain", "{71B0BC92-BA0E-4DAB-AE59-334273A1117B}"
EndProject
Project("{2150E333-8FDC-42A3-9474-1A3956D46DE8}") = "Domain.UnitTests", "Domain.UnitTests", "{D9572285-91BA-4D89-8E83-A75F21A142A9}"
EndProject
Project("{2150E333-8FDC-42A3-9474-1A3956D46DE8}") = "Application", "Application", "{239823CA-CBA4-462D-8D1A-E3C71A4A6B1D}"
EndProject
Project("{2150E333-8FDC-42A3-9474-1A3956D46DE8}") = "Common", "Common", "{C70F8DDC-B2AC-462C-A3A2-21C8F46F18EB}"
EndProject
Project("{2150E333-8FDC-42A3-9474-1A3956D46DE8}") = "Infrastructure", "Infrastructure", "{6DF0AD60-06CA-4269-8C4A-2F1369028F75}"
EndProject
Project("{9A19103F-16F7-4668-BE54-9A1E7A4F7556}") = "Application", "src\Application\Application.csproj", "{E2107C02-CEF7-4F88-B47A-A0927710EE94}"
EndProject
Project("{9A19103F-16F7-4668-BE54-9A1E7A4F7556}") = "Common", "src\Common\Common.csproj", "{E30EBE96-853C-4501-AFE8-15433DB00103}"
EndProject
Project("{9A19103F-16F7-4668-BE54-9A1E7A4F7556}") = "Domain", "src\Domain\Domain.csproj", "{2BD3958E-E7C8-4D23-94E4-3F58C968A4FA}"
EndProject
Project("{9A19103F-16F7-4668-BE54-9A1E7A4F7556}") = "Domain.UnitTests", "Tests\Domain.UnitTests\Domain.UnitTests.csproj", "{4735B74E-0A62-4E82-98E6-9FEF906B75E7}"
EndProject
Project("{9A19103F-16F7-4668-BE54-9A1E7A4F7556}") = "Infrastructure", "src\Infrastructure\Infrastructure.csproj", "{2159DF2F-7292-483A-832D-968C444DE159}"
EndProject
Project("{2150E333-8FDC-42A3-9474-1A3956D46DE8}") = "Persistence", "Persistence", "{98137242-668F-4882-AEEF-9010A2D07DAF}"
EndProject
Project("{9A19103F-16F7-4668-BE54-9A1E7A4F7556}") = "Persistence", "src\Persistence\Persistence.csproj", "{9D2C2CFD-1606-4A9C-A202-B3427ECFB3DD}"
EndProject
Project("{2150E333-8FDC-42A3-9474-1A3956D46DE8}") = "WebUI", "WebUI", "{532AA82B-28F2-4661-9692-CCA2EF2852A3}"
EndProject
Project("{9A19103F-16F7-4668-BE54-9A1E7A4F7556}") = "WebUI", "src\WebUI\WebUI.csproj", "{DBB8FC1A-0900-42E4-9E70-B7DE83F0DCA0}"
EndProject
Project("{2150E333-8FDC-42A3-9474-1A3956D46DE8}") = "Application.UnitTests", "Application.UnitTests", "{24F9DEF3-5C95-48AF-B49B-2ADE5E271CF4}"
EndProject
Project("{9A19103F-16F7-4668-BE54-9A1E7A4F7556}") = "Application.UnitTests", "Tests\Application.UnitTests\Application.UnitTests.csproj", "{ADF916CC-B122-46B9-B5FB-3189ED3D1C93}"
EndProject
Project("{2150E333-8FDC-42A3-9474-1A3956D46DE8}") = "Persistence.IntegrationTests", "Persistence.IntegrationTests", "{CC35D4DC-AE28-4BCF-9279-847764C52389}"
EndProject
Project("{9A19103F-16F7-4668-BE54-9A1E7A4F7556}") = "Persistence.IntegrationTests", "Tests\Persistence.IntegrationTests\Persistence.IntegrationTests.csproj", "{5E995F99-73A0-4BE7-9B47-89C02836FA2C}"
EndProject
Project("{2150E333-8FDC-42A3-9474-1A3956D46DE8}") = "WebUI.IntegrationTests", "WebUI.IntegrationTests", "{F3FBE909-5F4E-4B1C-A11B-7BBDDA710EF5}"
EndProject
Project("{9A19103F-16F7-4668-BE54-9A1E7A4F7556}") = "WebUI.IntegrationTests", "Tests\WebUI.IntegrationTests\WebUI.IntegrationTests.csproj", "{2753A1B7-F043-4931-9A00-EC2FFBF77A67}"
EndProject
Global
	GlobalSection(SolutionConfigurationPlatforms) = preSolution
		Debug|Any CPU = Debug|Any CPU
		Release|Any CPU = Release|Any CPU
	EndGlobalSection
	GlobalSection(ProjectConfigurationPlatforms) = postSolution
		{E2107C02-CEF7-4F88-B47A-A0927710EE94}.Debug|Any CPU.ActiveCfg = Debug|Any CPU
		{E2107C02-CEF7-4F88-B47A-A0927710EE94}.Debug|Any CPU.Build.0 = Debug|Any CPU
		{E2107C02-CEF7-4F88-B47A-A0927710EE94}.Release|Any CPU.ActiveCfg = Release|Any CPU
		{E2107C02-CEF7-4F88-B47A-A0927710EE94}.Release|Any CPU.Build.0 = Release|Any CPU
		{E30EBE96-853C-4501-AFE8-15433DB00103}.Debug|Any CPU.ActiveCfg = Debug|Any CPU
		{E30EBE96-853C-4501-AFE8-15433DB00103}.Debug|Any CPU.Build.0 = Debug|Any CPU
		{E30EBE96-853C-4501-AFE8-15433DB00103}.Release|Any CPU.ActiveCfg = Release|Any CPU
		{E30EBE96-853C-4501-AFE8-15433DB00103}.Release|Any CPU.Build.0 = Release|Any CPU
		{2BD3958E-E7C8-4D23-94E4-3F58C968A4FA}.Debug|Any CPU.ActiveCfg = Debug|Any CPU
		{2BD3958E-E7C8-4D23-94E4-3F58C968A4FA}.Debug|Any CPU.Build.0 = Debug|Any CPU
		{2BD3958E-E7C8-4D23-94E4-3F58C968A4FA}.Release|Any CPU.ActiveCfg = Release|Any CPU
		{2BD3958E-E7C8-4D23-94E4-3F58C968A4FA}.Release|Any CPU.Build.0 = Release|Any CPU
		{4735B74E-0A62-4E82-98E6-9FEF906B75E7}.Debug|Any CPU.ActiveCfg = Debug|Any CPU
		{4735B74E-0A62-4E82-98E6-9FEF906B75E7}.Debug|Any CPU.Build.0 = Debug|Any CPU
		{4735B74E-0A62-4E82-98E6-9FEF906B75E7}.Release|Any CPU.ActiveCfg = Release|Any CPU
		{4735B74E-0A62-4E82-98E6-9FEF906B75E7}.Release|Any CPU.Build.0 = Release|Any CPU
		{2159DF2F-7292-483A-832D-968C444DE159}.Debug|Any CPU.ActiveCfg = Debug|Any CPU
		{2159DF2F-7292-483A-832D-968C444DE159}.Debug|Any CPU.Build.0 = Debug|Any CPU
		{2159DF2F-7292-483A-832D-968C444DE159}.Release|Any CPU.ActiveCfg = Release|Any CPU
		{2159DF2F-7292-483A-832D-968C444DE159}.Release|Any CPU.Build.0 = Release|Any CPU
		{9D2C2CFD-1606-4A9C-A202-B3427ECFB3DD}.Debug|Any CPU.ActiveCfg = Debug|Any CPU
		{9D2C2CFD-1606-4A9C-A202-B3427ECFB3DD}.Debug|Any CPU.Build.0 = Debug|Any CPU
		{9D2C2CFD-1606-4A9C-A202-B3427ECFB3DD}.Release|Any CPU.ActiveCfg = Release|Any CPU
		{9D2C2CFD-1606-4A9C-A202-B3427ECFB3DD}.Release|Any CPU.Build.0 = Release|Any CPU
		{DBB8FC1A-0900-42E4-9E70-B7DE83F0DCA0}.Debug|Any CPU.ActiveCfg = Debug|Any CPU
		{DBB8FC1A-0900-42E4-9E70-B7DE83F0DCA0}.Debug|Any CPU.Build.0 = Debug|Any CPU
		{DBB8FC1A-0900-42E4-9E70-B7DE83F0DCA0}.Release|Any CPU.ActiveCfg = Release|Any CPU
		{DBB8FC1A-0900-42E4-9E70-B7DE83F0DCA0}.Release|Any CPU.Build.0 = Release|Any CPU
		{ADF916CC-B122-46B9-B5FB-3189ED3D1C93}.Debug|Any CPU.ActiveCfg = Debug|Any CPU
		{ADF916CC-B122-46B9-B5FB-3189ED3D1C93}.Debug|Any CPU.Build.0 = Debug|Any CPU
		{ADF916CC-B122-46B9-B5FB-3189ED3D1C93}.Release|Any CPU.ActiveCfg = Release|Any CPU
		{ADF916CC-B122-46B9-B5FB-3189ED3D1C93}.Release|Any CPU.Build.0 = Release|Any CPU
		{5E995F99-73A0-4BE7-9B47-89C02836FA2C}.Debug|Any CPU.ActiveCfg = Debug|Any CPU
		{5E995F99-73A0-4BE7-9B47-89C02836FA2C}.Debug|Any CPU.Build.0 = Debug|Any CPU
		{5E995F99-73A0-4BE7-9B47-89C02836FA2C}.Release|Any CPU.ActiveCfg = Release|Any CPU
		{5E995F99-73A0-4BE7-9B47-89C02836FA2C}.Release|Any CPU.Build.0 = Release|Any CPU
		{2753A1B7-F043-4931-9A00-EC2FFBF77A67}.Debug|Any CPU.ActiveCfg = Debug|Any CPU
		{2753A1B7-F043-4931-9A00-EC2FFBF77A67}.Debug|Any CPU.Build.0 = Debug|Any CPU
		{2753A1B7-F043-4931-9A00-EC2FFBF77A67}.Release|Any CPU.ActiveCfg = Release|Any CPU
		{2753A1B7-F043-4931-9A00-EC2FFBF77A67}.Release|Any CPU.Build.0 = Release|Any CPU
	EndGlobalSection
	GlobalSection(SolutionProperties) = preSolution
		HideSolutionNode = FALSE
	EndGlobalSection
	GlobalSection(NestedProjects) = preSolution
		{71B0BC92-BA0E-4DAB-AE59-334273A1117B} = {89C6DD32-6A42-4DAE-91E5-45F978208987}
		{D9572285-91BA-4D89-8E83-A75F21A142A9} = {27421743-A22B-4716-BC85-4824A5F9FD70}
		{239823CA-CBA4-462D-8D1A-E3C71A4A6B1D} = {89C6DD32-6A42-4DAE-91E5-45F978208987}
		{C70F8DDC-B2AC-462C-A3A2-21C8F46F18EB} = {89C6DD32-6A42-4DAE-91E5-45F978208987}
		{6DF0AD60-06CA-4269-8C4A-2F1369028F75} = {89C6DD32-6A42-4DAE-91E5-45F978208987}
		{E2107C02-CEF7-4F88-B47A-A0927710EE94} = {239823CA-CBA4-462D-8D1A-E3C71A4A6B1D}
		{E30EBE96-853C-4501-AFE8-15433DB00103} = {C70F8DDC-B2AC-462C-A3A2-21C8F46F18EB}
		{2BD3958E-E7C8-4D23-94E4-3F58C968A4FA} = {71B0BC92-BA0E-4DAB-AE59-334273A1117B}
		{4735B74E-0A62-4E82-98E6-9FEF906B75E7} = {D9572285-91BA-4D89-8E83-A75F21A142A9}
		{2159DF2F-7292-483A-832D-968C444DE159} = {6DF0AD60-06CA-4269-8C4A-2F1369028F75}
		{98137242-668F-4882-AEEF-9010A2D07DAF} = {89C6DD32-6A42-4DAE-91E5-45F978208987}
		{9D2C2CFD-1606-4A9C-A202-B3427ECFB3DD} = {98137242-668F-4882-AEEF-9010A2D07DAF}
		{532AA82B-28F2-4661-9692-CCA2EF2852A3} = {89C6DD32-6A42-4DAE-91E5-45F978208987}
		{DBB8FC1A-0900-42E4-9E70-B7DE83F0DCA0} = {532AA82B-28F2-4661-9692-CCA2EF2852A3}
		{24F9DEF3-5C95-48AF-B49B-2ADE5E271CF4} = {27421743-A22B-4716-BC85-4824A5F9FD70}
		{ADF916CC-B122-46B9-B5FB-3189ED3D1C93} = {24F9DEF3-5C95-48AF-B49B-2ADE5E271CF4}
		{CC35D4DC-AE28-4BCF-9279-847764C52389} = {27421743-A22B-4716-BC85-4824A5F9FD70}
		{5E995F99-73A0-4BE7-9B47-89C02836FA2C} = {CC35D4DC-AE28-4BCF-9279-847764C52389}
		{F3FBE909-5F4E-4B1C-A11B-7BBDDA710EF5} = {27421743-A22B-4716-BC85-4824A5F9FD70}
		{2753A1B7-F043-4931-9A00-EC2FFBF77A67} = {F3FBE909-5F4E-4B1C-A11B-7BBDDA710EF5}
	EndGlobalSection
	GlobalSection(ExtensibilityGlobals) = postSolution
		SolutionGuid = {3A2D21D6-CAF7-4E13-8101-50480F9F2AD2}
	EndGlobalSection
EndGlobal
